
Microsoft Visual Studio Solution File, Format Version 12.00
# Visual Studio Version 17
VisualStudioVersion = 17.9.34723.18
MinimumVisualStudioVersion = 10.0.40219.1
Project("{8BC9CEB8-8B4A-11D0-8D11-00A0C91BC942}") = "Project1", "2024.04.03-homework-08\2024.04.03-homework-08.vcxproj", "{A6954D31-1C93-4F2D-B22E-1471129ABED1}"
EndProject
Project("{8BC9CEB8-8B4A-11D0-8D11-00A0C91BC942}") = "Project2", "Project2\Project2.vcxproj", "{C07B0AF5-5C48-459B-B05B-1C0716519A37}"
EndProject
Project("{8BC9CEB8-8B4A-11D0-8D11-00A0C91BC942}") = "Project3", "Project3\Project3.vcxproj", "{C59EE5C9-7AC2-47B4-807A-014273741615}"
EndProject
Project("{8BC9CEB8-8B4A-11D0-8D11-00A0C91BC942}") = "Project4", "Project4\Project4.vcxproj", "{CD89A602-667F-4A7A-9D40-7C2492A6D0CF}"
EndProject
Project("{8BC9CEB8-8B4A-11D0-8D11-00A0C91BC942}") = "Project5", "Project5\Project5.vcxproj", "{0FDB716A-F2F9-44C4-8A5D-FD49914B698A}"
EndProject
Project("{8BC9CEB8-8B4A-11D0-8D11-00A0C91BC942}") = "Project6", "Project6\Project6.vcxproj", "{07C3E9C0-FAF4-44D5-A800-6E50CD865A6A}"
EndProject
Project("{8BC9CEB8-8B4A-11D0-8D11-00A0C91BC942}") = "Project7", "Project7\Project7.vcxproj", "{84D0C533-50A2-48F9-9C32-20B842AA6CCB}"
EndProject
Project("{8BC9CEB8-8B4A-11D0-8D11-00A0C91BC942}") = "Project8", "Project8\Project8.vcxproj", "{51D864A3-EDE5-4648-BF55-0719E173AD62}"
EndProject
Project("{8BC9CEB8-8B4A-11D0-8D11-00A0C91BC942}") = "Project9", "Project9\Project9.vcxproj", "{7F0FD1AA-F6DD-4732-A44B-1D978C5B5498}"
EndProject
Project("{8BC9CEB8-8B4A-11D0-8D11-00A0C91BC942}") = "Project10", "Project10\Project10.vcxproj", "{79D0D299-65C0-4646-ABEE-2405780658B8}"
EndProject
Project("{8BC9CEB8-8B4A-11D0-8D11-00A0C91BC942}") = "Project11", "Project11\Project11.vcxproj", "{64224E45-033B-49ED-B7AB-69B706D394D0}"
EndProject
Project("{8BC9CEB8-8B4A-11D0-8D11-00A0C91BC942}") = "Project12", "Project12\Project12.vcxproj", "{31BBB9B6-940B-4E4F-B754-1C3082812EE9}"
EndProject
Project("{8BC9CEB8-8B4A-11D0-8D11-00A0C91BC942}") = "Project13", "Project13\Project13.vcxproj", "{248A96DD-00F8-4A7E-BA06-0D8ABEF5FCFE}"
EndProject
Project("{8BC9CEB8-8B4A-11D0-8D11-00A0C91BC942}") = "Project14", "Project14\Project14.vcxproj", "{27D96686-DB7D-4352-ABAC-527E209CBBEE}"
EndProject
Project("{8BC9CEB8-8B4A-11D0-8D11-00A0C91BC942}") = "Project15", "Project15\Project15.vcxproj", "{FE4248D5-3DCA-475D-8154-2DC71CBAFCBA}"
EndProject
Project("{8BC9CEB8-8B4A-11D0-8D11-00A0C91BC942}") = "Project16", "Project16\Project16.vcxproj", "{35478290-3A54-4B22-96F3-19DAD1E65D68}"
EndProject
Global
	GlobalSection(SolutionConfigurationPlatforms) = preSolution
		Debug|x64 = Debug|x64
		Debug|x86 = Debug|x86
		Release|x64 = Release|x64
		Release|x86 = Release|x86
	EndGlobalSection
	GlobalSection(ProjectConfigurationPlatforms) = postSolution
		{A6954D31-1C93-4F2D-B22E-1471129ABED1}.Debug|x64.ActiveCfg = Debug|x64
		{A6954D31-1C93-4F2D-B22E-1471129ABED1}.Debug|x64.Build.0 = Debug|x64
		{A6954D31-1C93-4F2D-B22E-1471129ABED1}.Debug|x86.ActiveCfg = Debug|Win32
		{A6954D31-1C93-4F2D-B22E-1471129ABED1}.Debug|x86.Build.0 = Debug|Win32
		{A6954D31-1C93-4F2D-B22E-1471129ABED1}.Release|x64.ActiveCfg = Release|x64
		{A6954D31-1C93-4F2D-B22E-1471129ABED1}.Release|x64.Build.0 = Release|x64
		{A6954D31-1C93-4F2D-B22E-1471129ABED1}.Release|x86.ActiveCfg = Release|Win32
		{A6954D31-1C93-4F2D-B22E-1471129ABED1}.Release|x86.Build.0 = Release|Win32
		{C07B0AF5-5C48-459B-B05B-1C0716519A37}.Debug|x64.ActiveCfg = Debug|x64
		{C07B0AF5-5C48-459B-B05B-1C0716519A37}.Debug|x64.Build.0 = Debug|x64
		{C07B0AF5-5C48-459B-B05B-1C0716519A37}.Debug|x86.ActiveCfg = Debug|Win32
		{C07B0AF5-5C48-459B-B05B-1C0716519A37}.Debug|x86.Build.0 = Debug|Win32
		{C07B0AF5-5C48-459B-B05B-1C0716519A37}.Release|x64.ActiveCfg = Release|x64
		{C07B0AF5-5C48-459B-B05B-1C0716519A37}.Release|x64.Build.0 = Release|x64
		{C07B0AF5-5C48-459B-B05B-1C0716519A37}.Release|x86.ActiveCfg = Release|Win32
		{C07B0AF5-5C48-459B-B05B-1C0716519A37}.Release|x86.Build.0 = Release|Win32
		{C59EE5C9-7AC2-47B4-807A-014273741615}.Debug|x64.ActiveCfg = Debug|x64
		{C59EE5C9-7AC2-47B4-807A-014273741615}.Debug|x64.Build.0 = Debug|x64
		{C59EE5C9-7AC2-47B4-807A-014273741615}.Debug|x86.ActiveCfg = Debug|Win32
		{C59EE5C9-7AC2-47B4-807A-014273741615}.Debug|x86.Build.0 = Debug|Win32
		{C59EE5C9-7AC2-47B4-807A-014273741615}.Release|x64.ActiveCfg = Release|x64
		{C59EE5C9-7AC2-47B4-807A-014273741615}.Release|x64.Build.0 = Release|x64
		{C59EE5C9-7AC2-47B4-807A-014273741615}.Release|x86.ActiveCfg = Release|Win32
		{C59EE5C9-7AC2-47B4-807A-014273741615}.Release|x86.Build.0 = Release|Win32
		{CD89A602-667F-4A7A-9D40-7C2492A6D0CF}.Debug|x64.ActiveCfg = Debug|x64
		{CD89A602-667F-4A7A-9D40-7C2492A6D0CF}.Debug|x64.Build.0 = Debug|x64
		{CD89A602-667F-4A7A-9D40-7C2492A6D0CF}.Debug|x86.ActiveCfg = Debug|Win32
		{CD89A602-667F-4A7A-9D40-7C2492A6D0CF}.Debug|x86.Build.0 = Debug|Win32
		{CD89A602-667F-4A7A-9D40-7C2492A6D0CF}.Release|x64.ActiveCfg = Release|x64
		{CD89A602-667F-4A7A-9D40-7C2492A6D0CF}.Release|x64.Build.0 = Release|x64
		{CD89A602-667F-4A7A-9D40-7C2492A6D0CF}.Release|x86.ActiveCfg = Release|Win32
		{CD89A602-667F-4A7A-9D40-7C2492A6D0CF}.Release|x86.Build.0 = Release|Win32
		{0FDB716A-F2F9-44C4-8A5D-FD49914B698A}.Debug|x64.ActiveCfg = Debug|x64
		{0FDB716A-F2F9-44C4-8A5D-FD49914B698A}.Debug|x64.Build.0 = Debug|x64
		{0FDB716A-F2F9-44C4-8A5D-FD49914B698A}.Debug|x86.ActiveCfg = Debug|Win32
		{0FDB716A-F2F9-44C4-8A5D-FD49914B698A}.Debug|x86.Build.0 = Debug|Win32
		{0FDB716A-F2F9-44C4-8A5D-FD49914B698A}.Release|x64.ActiveCfg = Release|x64
		{0FDB716A-F2F9-44C4-8A5D-FD49914B698A}.Release|x64.Build.0 = Release|x64
		{0FDB716A-F2F9-44C4-8A5D-FD49914B698A}.Release|x86.ActiveCfg = Release|Win32
		{0FDB716A-F2F9-44C4-8A5D-FD49914B698A}.Release|x86.Build.0 = Release|Win32
		{07C3E9C0-FAF4-44D5-A800-6E50CD865A6A}.Debug|x64.ActiveCfg = Debug|x64
		{07C3E9C0-FAF4-44D5-A800-6E50CD865A6A}.Debug|x64.Build.0 = Debug|x64
		{07C3E9C0-FAF4-44D5-A800-6E50CD865A6A}.Debug|x86.ActiveCfg = Debug|Win32
		{07C3E9C0-FAF4-44D5-A800-6E50CD865A6A}.Debug|x86.Build.0 = Debug|Win32
		{07C3E9C0-FAF4-44D5-A800-6E50CD865A6A}.Release|x64.ActiveCfg = Release|x64
		{07C3E9C0-FAF4-44D5-A800-6E50CD865A6A}.Release|x64.Build.0 = Release|x64
		{07C3E9C0-FAF4-44D5-A800-6E50CD865A6A}.Release|x86.ActiveCfg = Release|Win32
		{07C3E9C0-FAF4-44D5-A800-6E50CD865A6A}.Release|x86.Build.0 = Release|Win32
		{84D0C533-50A2-48F9-9C32-20B842AA6CCB}.Debug|x64.ActiveCfg = Debug|x64
		{84D0C533-50A2-48F9-9C32-20B842AA6CCB}.Debug|x64.Build.0 = Debug|x64
		{84D0C533-50A2-48F9-9C32-20B842AA6CCB}.Debug|x86.ActiveCfg = Debug|Win32
		{84D0C533-50A2-48F9-9C32-20B842AA6CCB}.Debug|x86.Build.0 = Debug|Win32
		{84D0C533-50A2-48F9-9C32-20B842AA6CCB}.Release|x64.ActiveCfg = Release|x64
		{84D0C533-50A2-48F9-9C32-20B842AA6CCB}.Release|x64.Build.0 = Release|x64
		{84D0C533-50A2-48F9-9C32-20B842AA6CCB}.Release|x86.ActiveCfg = Release|Win32
		{84D0C533-50A2-48F9-9C32-20B842AA6CCB}.Release|x86.Build.0 = Release|Win32
		{51D864A3-EDE5-4648-BF55-0719E173AD62}.Debug|x64.ActiveCfg = Debug|x64
		{51D864A3-EDE5-4648-BF55-0719E173AD62}.Debug|x64.Build.0 = Debug|x64
		{51D864A3-EDE5-4648-BF55-0719E173AD62}.Debug|x86.ActiveCfg = Debug|Win32
		{51D864A3-EDE5-4648-BF55-0719E173AD62}.Debug|x86.Build.0 = Debug|Win32
		{51D864A3-EDE5-4648-BF55-0719E173AD62}.Release|x64.ActiveCfg = Release|x64
		{51D864A3-EDE5-4648-BF55-0719E173AD62}.Release|x64.Build.0 = Release|x64
		{51D864A3-EDE5-4648-BF55-0719E173AD62}.Release|x86.ActiveCfg = Release|Win32
		{51D864A3-EDE5-4648-BF55-0719E173AD62}.Release|x86.Build.0 = Release|Win32
		{7F0FD1AA-F6DD-4732-A44B-1D978C5B5498}.Debug|x64.ActiveCfg = Debug|x64
		{7F0FD1AA-F6DD-4732-A44B-1D978C5B5498}.Debug|x64.Build.0 = Debug|x64
		{7F0FD1AA-F6DD-4732-A44B-1D978C5B5498}.Debug|x86.ActiveCfg = Debug|Win32
		{7F0FD1AA-F6DD-4732-A44B-1D978C5B5498}.Debug|x86.Build.0 = Debug|Win32
		{7F0FD1AA-F6DD-4732-A44B-1D978C5B5498}.Release|x64.ActiveCfg = Release|x64
		{7F0FD1AA-F6DD-4732-A44B-1D978C5B5498}.Release|x64.Build.0 = Release|x64
		{7F0FD1AA-F6DD-4732-A44B-1D978C5B5498}.Release|x86.ActiveCfg = Release|Win32
		{7F0FD1AA-F6DD-4732-A44B-1D978C5B5498}.Release|x86.Build.0 = Release|Win32
		{79D0D299-65C0-4646-ABEE-2405780658B8}.Debug|x64.ActiveCfg = Debug|x64
		{79D0D299-65C0-4646-ABEE-2405780658B8}.Debug|x64.Build.0 = Debug|x64
		{79D0D299-65C0-4646-ABEE-2405780658B8}.Debug|x86.ActiveCfg = Debug|Win32
		{79D0D299-65C0-4646-ABEE-2405780658B8}.Debug|x86.Build.0 = Debug|Win32
		{79D0D299-65C0-4646-ABEE-2405780658B8}.Release|x64.ActiveCfg = Release|x64
		{79D0D299-65C0-4646-ABEE-2405780658B8}.Release|x64.Build.0 = Release|x64
		{79D0D299-65C0-4646-ABEE-2405780658B8}.Release|x86.ActiveCfg = Release|Win32
		{79D0D299-65C0-4646-ABEE-2405780658B8}.Release|x86.Build.0 = Release|Win32
		{64224E45-033B-49ED-B7AB-69B706D394D0}.Debug|x64.ActiveCfg = Debug|x64
		{64224E45-033B-49ED-B7AB-69B706D394D0}.Debug|x64.Build.0 = Debug|x64
		{64224E45-033B-49ED-B7AB-69B706D394D0}.Debug|x86.ActiveCfg = Debug|Win32
		{64224E45-033B-49ED-B7AB-69B706D394D0}.Debug|x86.Build.0 = Debug|Win32
		{64224E45-033B-49ED-B7AB-69B706D394D0}.Release|x64.ActiveCfg = Release|x64
		{64224E45-033B-49ED-B7AB-69B706D394D0}.Release|x64.Build.0 = Release|x64
		{64224E45-033B-49ED-B7AB-69B706D394D0}.Release|x86.ActiveCfg = Release|Win32
		{64224E45-033B-49ED-B7AB-69B706D394D0}.Release|x86.Build.0 = Release|Win32
		{31BBB9B6-940B-4E4F-B754-1C3082812EE9}.Debug|x64.ActiveCfg = Debug|x64
		{31BBB9B6-940B-4E4F-B754-1C3082812EE9}.Debug|x64.Build.0 = Debug|x64
		{31BBB9B6-940B-4E4F-B754-1C3082812EE9}.Debug|x86.ActiveCfg = Debug|Win32
		{31BBB9B6-940B-4E4F-B754-1C3082812EE9}.Debug|x86.Build.0 = Debug|Win32
		{31BBB9B6-940B-4E4F-B754-1C3082812EE9}.Release|x64.ActiveCfg = Release|x64
		{31BBB9B6-940B-4E4F-B754-1C3082812EE9}.Release|x64.Build.0 = Release|x64
		{31BBB9B6-940B-4E4F-B754-1C3082812EE9}.Release|x86.ActiveCfg = Release|Win32
		{31BBB9B6-940B-4E4F-B754-1C3082812EE9}.Release|x86.Build.0 = Release|Win32
		{248A96DD-00F8-4A7E-BA06-0D8ABEF5FCFE}.Debug|x64.ActiveCfg = Debug|x64
		{248A96DD-00F8-4A7E-BA06-0D8ABEF5FCFE}.Debug|x64.Build.0 = Debug|x64
		{248A96DD-00F8-4A7E-BA06-0D8ABEF5FCFE}.Debug|x86.ActiveCfg = Debug|Win32
		{248A96DD-00F8-4A7E-BA06-0D8ABEF5FCFE}.Debug|x86.Build.0 = Debug|Win32
		{248A96DD-00F8-4A7E-BA06-0D8ABEF5FCFE}.Release|x64.ActiveCfg = Release|x64
		{248A96DD-00F8-4A7E-BA06-0D8ABEF5FCFE}.Release|x64.Build.0 = Release|x64
		{248A96DD-00F8-4A7E-BA06-0D8ABEF5FCFE}.Release|x86.ActiveCfg = Release|Win32
		{248A96DD-00F8-4A7E-BA06-0D8ABEF5FCFE}.Release|x86.Build.0 = Release|Win32
		{27D96686-DB7D-4352-ABAC-527E209CBBEE}.Debug|x64.ActiveCfg = Debug|x64
		{27D96686-DB7D-4352-ABAC-527E209CBBEE}.Debug|x64.Build.0 = Debug|x64
		{27D96686-DB7D-4352-ABAC-527E209CBBEE}.Debug|x86.ActiveCfg = Debug|Win32
		{27D96686-DB7D-4352-ABAC-527E209CBBEE}.Debug|x86.Build.0 = Debug|Win32
		{27D96686-DB7D-4352-ABAC-527E209CBBEE}.Release|x64.ActiveCfg = Release|x64
		{27D96686-DB7D-4352-ABAC-527E209CBBEE}.Release|x64.Build.0 = Release|x64
		{27D96686-DB7D-4352-ABAC-527E209CBBEE}.Release|x86.ActiveCfg = Release|Win32
		{27D96686-DB7D-4352-ABAC-527E209CBBEE}.Release|x86.Build.0 = Release|Win32
		{FE4248D5-3DCA-475D-8154-2DC71CBAFCBA}.Debug|x64.ActiveCfg = Debug|x64
		{FE4248D5-3DCA-475D-8154-2DC71CBAFCBA}.Debug|x64.Build.0 = Debug|x64
		{FE4248D5-3DCA-475D-8154-2DC71CBAFCBA}.Debug|x86.ActiveCfg = Debug|Win32
		{FE4248D5-3DCA-475D-8154-2DC71CBAFCBA}.Debug|x86.Build.0 = Debug|Win32
		{FE4248D5-3DCA-475D-8154-2DC71CBAFCBA}.Release|x64.ActiveCfg = Release|x64
		{FE4248D5-3DCA-475D-8154-2DC71CBAFCBA}.Release|x64.Build.0 = Release|x64
		{FE4248D5-3DCA-475D-8154-2DC71CBAFCBA}.Release|x86.ActiveCfg = Release|Win32
		{FE4248D5-3DCA-475D-8154-2DC71CBAFCBA}.Release|x86.Build.0 = Release|Win32
		{35478290-3A54-4B22-96F3-19DAD1E65D68}.Debug|x64.ActiveCfg = Debug|x64
		{35478290-3A54-4B22-96F3-19DAD1E65D68}.Debug|x64.Build.0 = Debug|x64
		{35478290-3A54-4B22-96F3-19DAD1E65D68}.Debug|x86.ActiveCfg = Debug|Win32
		{35478290-3A54-4B22-96F3-19DAD1E65D68}.Debug|x86.Build.0 = Debug|Win32
		{35478290-3A54-4B22-96F3-19DAD1E65D68}.Release|x64.ActiveCfg = Release|x64
		{35478290-3A54-4B22-96F3-19DAD1E65D68}.Release|x64.Build.0 = Release|x64
		{35478290-3A54-4B22-96F3-19DAD1E65D68}.Release|x86.ActiveCfg = Release|Win32
		{35478290-3A54-4B22-96F3-19DAD1E65D68}.Release|x86.Build.0 = Release|Win32
	EndGlobalSection
	GlobalSection(SolutionProperties) = preSolution
		HideSolutionNode = FALSE
	EndGlobalSection
	GlobalSection(ExtensibilityGlobals) = postSolution
		SolutionGuid = {3E9A3706-9E46-483F-A0FD-05A5EE1E2FAA}
	EndGlobalSection
EndGlobal
