
Microsoft Visual Studio Solution File, Format Version 12.00
# Visual Studio Version 16
VisualStudioVersion = 16.0.30517.126
MinimumVisualStudioVersion = 10.0.40219.1
Project("{8BC9CEB8-8B4A-11D0-8D11-00A0C91BC942}") = "Project01", "Project01\Project01.vcxproj", "{170EF3F6-0FE7-432D-9B7D-C0D217A6A12E}"
EndProject
Project("{8BC9CEB8-8B4A-11D0-8D11-00A0C91BC942}") = "Project02", "Project02\Project02.vcxproj", "{79518A42-E33D-4D7F-955B-0A0947A6F454}"
EndProject
Project("{8BC9CEB8-8B4A-11D0-8D11-00A0C91BC942}") = "Project03", "Project03\Project03.vcxproj", "{AF8E4E95-D290-4041-9DAC-A491B86E59BC}"
EndProject
Project("{8BC9CEB8-8B4A-11D0-8D11-00A0C91BC942}") = "Project04", "Project04\Project04.vcxproj", "{66EAA99C-75E1-4C3F-94D1-D3E8BEBC7041}"
EndProject
Project("{8BC9CEB8-8B4A-11D0-8D11-00A0C91BC942}") = "Project05", "Project05\Project05.vcxproj", "{F3343C5E-7FF2-419F-8EB8-B59186DDF8E9}"
EndProject
Project("{8BC9CEB8-8B4A-11D0-8D11-00A0C91BC942}") = "Project06", "Project06\Project06.vcxproj", "{CF9881D8-5557-4EA7-9AF4-E67B929C79E7}"
EndProject
Project("{8BC9CEB8-8B4A-11D0-8D11-00A0C91BC942}") = "Project07", "Project07\Project07.vcxproj", "{9D2A879B-4C52-44E5-9062-BE56B99A51D7}"
EndProject
Project("{8BC9CEB8-8B4A-11D0-8D11-00A0C91BC942}") = "Project08", "Project08\Project08.vcxproj", "{6EB6D760-C65E-44AE-8FFB-F08C4C32611C}"
EndProject
Global
	GlobalSection(SolutionConfigurationPlatforms) = preSolution
		Debug|x64 = Debug|x64
		Debug|x86 = Debug|x86
		Release|x64 = Release|x64
		Release|x86 = Release|x86
	EndGlobalSection
	GlobalSection(ProjectConfigurationPlatforms) = postSolution
		{170EF3F6-0FE7-432D-9B7D-C0D217A6A12E}.Debug|x64.ActiveCfg = Debug|x64
		{170EF3F6-0FE7-432D-9B7D-C0D217A6A12E}.Debug|x64.Build.0 = Debug|x64
		{170EF3F6-0FE7-432D-9B7D-C0D217A6A12E}.Debug|x86.ActiveCfg = Debug|Win32
		{170EF3F6-0FE7-432D-9B7D-C0D217A6A12E}.Debug|x86.Build.0 = Debug|Win32
		{170EF3F6-0FE7-432D-9B7D-C0D217A6A12E}.Release|x64.ActiveCfg = Release|x64
		{170EF3F6-0FE7-432D-9B7D-C0D217A6A12E}.Release|x64.Build.0 = Release|x64
		{170EF3F6-0FE7-432D-9B7D-C0D217A6A12E}.Release|x86.ActiveCfg = Release|Win32
		{170EF3F6-0FE7-432D-9B7D-C0D217A6A12E}.Release|x86.Build.0 = Release|Win32
		{79518A42-E33D-4D7F-955B-0A0947A6F454}.Debug|x64.ActiveCfg = Debug|x64
		{79518A42-E33D-4D7F-955B-0A0947A6F454}.Debug|x64.Build.0 = Debug|x64
		{79518A42-E33D-4D7F-955B-0A0947A6F454}.Debug|x86.ActiveCfg = Debug|Win32
		{79518A42-E33D-4D7F-955B-0A0947A6F454}.Debug|x86.Build.0 = Debug|Win32
		{79518A42-E33D-4D7F-955B-0A0947A6F454}.Release|x64.ActiveCfg = Release|x64
		{79518A42-E33D-4D7F-955B-0A0947A6F454}.Release|x64.Build.0 = Release|x64
		{79518A42-E33D-4D7F-955B-0A0947A6F454}.Release|x86.ActiveCfg = Release|Win32
		{79518A42-E33D-4D7F-955B-0A0947A6F454}.Release|x86.Build.0 = Release|Win32
		{AF8E4E95-D290-4041-9DAC-A491B86E59BC}.Debug|x64.ActiveCfg = Debug|x64
		{AF8E4E95-D290-4041-9DAC-A491B86E59BC}.Debug|x64.Build.0 = Debug|x64
		{AF8E4E95-D290-4041-9DAC-A491B86E59BC}.Debug|x86.ActiveCfg = Debug|Win32
		{AF8E4E95-D290-4041-9DAC-A491B86E59BC}.Debug|x86.Build.0 = Debug|Win32
		{AF8E4E95-D290-4041-9DAC-A491B86E59BC}.Release|x64.ActiveCfg = Release|x64
		{AF8E4E95-D290-4041-9DAC-A491B86E59BC}.Release|x64.Build.0 = Release|x64
		{AF8E4E95-D290-4041-9DAC-A491B86E59BC}.Release|x86.ActiveCfg = Release|Win32
		{AF8E4E95-D290-4041-9DAC-A491B86E59BC}.Release|x86.Build.0 = Release|Win32
		{66EAA99C-75E1-4C3F-94D1-D3E8BEBC7041}.Debug|x64.ActiveCfg = Debug|x64
		{66EAA99C-75E1-4C3F-94D1-D3E8BEBC7041}.Debug|x64.Build.0 = Debug|x64
		{66EAA99C-75E1-4C3F-94D1-D3E8BEBC7041}.Debug|x86.ActiveCfg = Debug|Win32
		{66EAA99C-75E1-4C3F-94D1-D3E8BEBC7041}.Debug|x86.Build.0 = Debug|Win32
		{66EAA99C-75E1-4C3F-94D1-D3E8BEBC7041}.Release|x64.ActiveCfg = Release|x64
		{66EAA99C-75E1-4C3F-94D1-D3E8BEBC7041}.Release|x64.Build.0 = Release|x64
		{66EAA99C-75E1-4C3F-94D1-D3E8BEBC7041}.Release|x86.ActiveCfg = Release|Win32
		{66EAA99C-75E1-4C3F-94D1-D3E8BEBC7041}.Release|x86.Build.0 = Release|Win32
		{F3343C5E-7FF2-419F-8EB8-B59186DDF8E9}.Debug|x64.ActiveCfg = Debug|x64
		{F3343C5E-7FF2-419F-8EB8-B59186DDF8E9}.Debug|x64.Build.0 = Debug|x64
		{F3343C5E-7FF2-419F-8EB8-B59186DDF8E9}.Debug|x86.ActiveCfg = Debug|Win32
		{F3343C5E-7FF2-419F-8EB8-B59186DDF8E9}.Debug|x86.Build.0 = Debug|Win32
		{F3343C5E-7FF2-419F-8EB8-B59186DDF8E9}.Release|x64.ActiveCfg = Release|x64
		{F3343C5E-7FF2-419F-8EB8-B59186DDF8E9}.Release|x64.Build.0 = Release|x64
		{F3343C5E-7FF2-419F-8EB8-B59186DDF8E9}.Release|x86.ActiveCfg = Release|Win32
		{F3343C5E-7FF2-419F-8EB8-B59186DDF8E9}.Release|x86.Build.0 = Release|Win32
		{CF9881D8-5557-4EA7-9AF4-E67B929C79E7}.Debug|x64.ActiveCfg = Debug|x64
		{CF9881D8-5557-4EA7-9AF4-E67B929C79E7}.Debug|x64.Build.0 = Debug|x64
		{CF9881D8-5557-4EA7-9AF4-E67B929C79E7}.Debug|x86.ActiveCfg = Debug|Win32
		{CF9881D8-5557-4EA7-9AF4-E67B929C79E7}.Debug|x86.Build.0 = Debug|Win32
		{CF9881D8-5557-4EA7-9AF4-E67B929C79E7}.Release|x64.ActiveCfg = Release|x64
		{CF9881D8-5557-4EA7-9AF4-E67B929C79E7}.Release|x64.Build.0 = Release|x64
		{CF9881D8-5557-4EA7-9AF4-E67B929C79E7}.Release|x86.ActiveCfg = Release|Win32
		{CF9881D8-5557-4EA7-9AF4-E67B929C79E7}.Release|x86.Build.0 = Release|Win32
		{9D2A879B-4C52-44E5-9062-BE56B99A51D7}.Debug|x64.ActiveCfg = Debug|x64
		{9D2A879B-4C52-44E5-9062-BE56B99A51D7}.Debug|x64.Build.0 = Debug|x64
		{9D2A879B-4C52-44E5-9062-BE56B99A51D7}.Debug|x86.ActiveCfg = Debug|Win32
		{9D2A879B-4C52-44E5-9062-BE56B99A51D7}.Debug|x86.Build.0 = Debug|Win32
		{9D2A879B-4C52-44E5-9062-BE56B99A51D7}.Release|x64.ActiveCfg = Release|x64
		{9D2A879B-4C52-44E5-9062-BE56B99A51D7}.Release|x64.Build.0 = Release|x64
		{9D2A879B-4C52-44E5-9062-BE56B99A51D7}.Release|x86.ActiveCfg = Release|Win32
		{9D2A879B-4C52-44E5-9062-BE56B99A51D7}.Release|x86.Build.0 = Release|Win32
		{6EB6D760-C65E-44AE-8FFB-F08C4C32611C}.Debug|x64.ActiveCfg = Debug|x64
		{6EB6D760-C65E-44AE-8FFB-F08C4C32611C}.Debug|x64.Build.0 = Debug|x64
		{6EB6D760-C65E-44AE-8FFB-F08C4C32611C}.Debug|x86.ActiveCfg = Debug|Win32
		{6EB6D760-C65E-44AE-8FFB-F08C4C32611C}.Debug|x86.Build.0 = Debug|Win32
		{6EB6D760-C65E-44AE-8FFB-F08C4C32611C}.Release|x64.ActiveCfg = Release|x64
		{6EB6D760-C65E-44AE-8FFB-F08C4C32611C}.Release|x64.Build.0 = Release|x64
		{6EB6D760-C65E-44AE-8FFB-F08C4C32611C}.Release|x86.ActiveCfg = Release|Win32
		{6EB6D760-C65E-44AE-8FFB-F08C4C32611C}.Release|x86.Build.0 = Release|Win32
	EndGlobalSection
	GlobalSection(SolutionProperties) = preSolution
		HideSolutionNode = FALSE
	EndGlobalSection
	GlobalSection(ExtensibilityGlobals) = postSolution
		SolutionGuid = {F0504792-B7DC-44D0-8BA0-FB1F7C382F56}
	EndGlobalSection
EndGlobal
